
Microsoft Visual Studio Solution File, Format Version 12.00
# Visual Studio Version 17
VisualStudioVersion = 17.13.35825.156 d17.13
MinimumVisualStudioVersion = 10.0.40219.1
Project("{FAE04EC0-301F-11D3-BF4B-00C04F79EFBC}") = "Asignacion.Unidad.3", "Asignacion.Unidad.3.csproj", "{5EF3976E-8BD3-4D2E-9DAC-D5643488C810}"
EndProject
Global
	GlobalSection(SolutionConfigurationPlatforms) = preSolution
		Debug|Any CPU = Debug|Any CPU
		Release|Any CPU = Release|Any CPU
	EndGlobalSection
	GlobalSection(ProjectConfigurationPlatforms) = postSolution
		{5EF3976E-8BD3-4D2E-9DAC-D5643488C810}.Debug|Any CPU.ActiveCfg = Debug|Any CPU
		{5EF3976E-8BD3-4D2E-9DAC-D5643488C810}.Debug|Any CPU.Build.0 = Debug|Any CPU
		{5EF3976E-8BD3-4D2E-9DAC-D5643488C810}.Release|Any CPU.ActiveCfg = Release|Any CPU
		{5EF3976E-8BD3-4D2E-9DAC-D5643488C810}.Release|Any CPU.Build.0 = Release|Any CPU
	EndGlobalSection
	GlobalSection(SolutionProperties) = preSolution
		HideSolutionNode = FALSE
	EndGlobalSection
	GlobalSection(ExtensibilityGlobals) = postSolution
		SolutionGuid = {1999AE09-261E-4749-B261-120E93E78A7B}
	EndGlobalSection
EndGlobal
