
Microsoft Visual Studio Solution File, Format Version 12.00
# Visual Studio Version 17
VisualStudioVersion = 17.13.35825.156 d17.13
MinimumVisualStudioVersion = 10.0.40219.1
Project("{FAE04EC0-301F-11D3-BF4B-00C04F79EFBC}") = "Asignacion.Unidad.6", "Asignacion.Unidad.6.csproj", "{17A9472F-BC29-4AD2-A409-181741EB5A50}"
EndProject
Global
	GlobalSection(SolutionConfigurationPlatforms) = preSolution
		Debug|Any CPU = Debug|Any CPU
		Release|Any CPU = Release|Any CPU
	EndGlobalSection
	GlobalSection(ProjectConfigurationPlatforms) = postSolution
		{17A9472F-BC29-4AD2-A409-181741EB5A50}.Debug|Any CPU.ActiveCfg = Debug|Any CPU
		{17A9472F-BC29-4AD2-A409-181741EB5A50}.Debug|Any CPU.Build.0 = Debug|Any CPU
		{17A9472F-BC29-4AD2-A409-181741EB5A50}.Release|Any CPU.ActiveCfg = Release|Any CPU
		{17A9472F-BC29-4AD2-A409-181741EB5A50}.Release|Any CPU.Build.0 = Release|Any CPU
	EndGlobalSection
	GlobalSection(SolutionProperties) = preSolution
		HideSolutionNode = FALSE
	EndGlobalSection
	GlobalSection(ExtensibilityGlobals) = postSolution
		SolutionGuid = {E1E716E3-BEB0-4634-BE94-81BEFF505B73}
	EndGlobalSection
EndGlobal
