
Microsoft Visual Studio Solution File, Format Version 12.00
# Visual Studio Version 17
VisualStudioVersion = 17.13.35825.156 d17.13
MinimumVisualStudioVersion = 10.0.40219.1
Project("{FAE04EC0-301F-11D3-BF4B-00C04F79EFBC}") = "Asignacion.Unidad.5", "Asignacion.Unidad.5.csproj", "{2B89090C-A008-4455-AFCC-4E738AFFF3D9}"
EndProject
Global
	GlobalSection(SolutionConfigurationPlatforms) = preSolution
		Debug|Any CPU = Debug|Any CPU
		Release|Any CPU = Release|Any CPU
	EndGlobalSection
	GlobalSection(ProjectConfigurationPlatforms) = postSolution
		{2B89090C-A008-4455-AFCC-4E738AFFF3D9}.Debug|Any CPU.ActiveCfg = Debug|Any CPU
		{2B89090C-A008-4455-AFCC-4E738AFFF3D9}.Debug|Any CPU.Build.0 = Debug|Any CPU
		{2B89090C-A008-4455-AFCC-4E738AFFF3D9}.Release|Any CPU.ActiveCfg = Release|Any CPU
		{2B89090C-A008-4455-AFCC-4E738AFFF3D9}.Release|Any CPU.Build.0 = Release|Any CPU
	EndGlobalSection
	GlobalSection(SolutionProperties) = preSolution
		HideSolutionNode = FALSE
	EndGlobalSection
	GlobalSection(ExtensibilityGlobals) = postSolution
		SolutionGuid = {30279E54-F784-444A-9415-59EAF652B797}
	EndGlobalSection
EndGlobal
